// !$*UTF8*$!
{
	archiveVersion = 1;
	classes = {
	};
	objectVersion = 55;
	objects = {

/* Begin PBXBuildFile section */
		2F21908528ABA124006EC677 /* LandmarksApp.swift in Sources */ = {isa = PBXBuildFile; fileRef = 2F21908428ABA124006EC677 /* LandmarksApp.swift */; };
		2F21908728ABA124006EC677 /* ContentView.swift in Sources */ = {isa = PBXBuildFile; fileRef = 2F21908628ABA124006EC677 /* ContentView.swift */; };
		2F21908928ABA129006EC677 /* Assets.xcassets in Resources */ = {isa = PBXBuildFile; fileRef = 2F21908828ABA129006EC677 /* Assets.xcassets */; };
		2F21908C28ABA129006EC677 /* Preview Assets.xcassets in Resources */ = {isa = PBXBuildFile; fileRef = 2F21908B28ABA129006EC677 /* Preview Assets.xcassets */; };
		2F21909328ABB4C7006EC677 /* CircleImage.swift in Sources */ = {isa = PBXBuildFile; fileRef = 2F21909228ABB4C6006EC677 /* CircleImage.swift */; };
		2F21909528ABBA63006EC677 /* MapView.swift in Sources */ = {isa = PBXBuildFile; fileRef = 2F21909428ABBA63006EC677 /* MapView.swift */; };
		2F21909728ACE4DB006EC677 /* landmarkData.json in Resources */ = {isa = PBXBuildFile; fileRef = 2F21909628ACE4DB006EC677 /* landmarkData.json */; };
		2F21909928ACE724006EC677 /* Landmark.swift in Sources */ = {isa = PBXBuildFile; fileRef = 2F21909828ACE724006EC677 /* Landmark.swift */; };
		2F21909B28ACEC86006EC677 /* ModelData.swift in Sources */ = {isa = PBXBuildFile; fileRef = 2F21909A28ACEC86006EC677 /* ModelData.swift */; };
		2F2190A028B0BCC6006EC677 /* LandmarkRow.swift in Sources */ = {isa = PBXBuildFile; fileRef = 2F21909F28B0BCC6006EC677 /* LandmarkRow.swift */; };
		2F2190A228B249E8006EC677 /* LandmarkList.swift in Sources */ = {isa = PBXBuildFile; fileRef = 2F2190A128B249E8006EC677 /* LandmarkList.swift */; };
		2F2190A428B34620006EC677 /* LandmarkDetail.swift in Sources */ = {isa = PBXBuildFile; fileRef = 2F2190A328B34620006EC677 /* LandmarkDetail.swift */; };
		2F585DC328C7532D0020C242 /* BadgeBackground.swift in Sources */ = {isa = PBXBuildFile; fileRef = 2F585DC228C7532D0020C242 /* BadgeBackground.swift */; };
		2FB337FB28B9F76B0017C0A3 /* FavoriteButton.swift in Sources */ = {isa = PBXBuildFile; fileRef = 2FB337FA28B9F76B0017C0A3 /* FavoriteButton.swift */; };
		2FB337FF28BA10090017C0A3 /* HexagonParameters.swift in Sources */ = {isa = PBXBuildFile; fileRef = 2FB337FE28BA10090017C0A3 /* HexagonParameters.swift */; };
/* End PBXBuildFile section */

/* Begin PBXFileReference section */
		2F21908128ABA124006EC677 /* Landmarks.app */ = {isa = PBXFileReference; explicitFileType = wrapper.application; includeInIndex = 0; path = Landmarks.app; sourceTree = BUILT_PRODUCTS_DIR; };
		2F21908428ABA124006EC677 /* LandmarksApp.swift */ = {isa = PBXFileReference; lastKnownFileType = sourcecode.swift; path = LandmarksApp.swift; sourceTree = "<group>"; };
		2F21908628ABA124006EC677 /* ContentView.swift */ = {isa = PBXFileReference; lastKnownFileType = sourcecode.swift; path = ContentView.swift; sourceTree = "<group>"; };
		2F21908828ABA129006EC677 /* Assets.xcassets */ = {isa = PBXFileReference; lastKnownFileType = folder.assetcatalog; path = Assets.xcassets; sourceTree = "<group>"; };
		2F21908B28ABA129006EC677 /* Preview Assets.xcassets */ = {isa = PBXFileReference; lastKnownFileType = folder.assetcatalog; path = "Preview Assets.xcassets"; sourceTree = "<group>"; };
		2F21909228ABB4C6006EC677 /* CircleImage.swift */ = {isa = PBXFileReference; lastKnownFileType = sourcecode.swift; path = CircleImage.swift; sourceTree = "<group>"; };
		2F21909428ABBA63006EC677 /* MapView.swift */ = {isa = PBXFileReference; lastKnownFileType = sourcecode.swift; path = MapView.swift; sourceTree = "<group>"; };
		2F21909628ACE4DB006EC677 /* landmarkData.json */ = {isa = PBXFileReference; fileEncoding = 4; lastKnownFileType = text.json; path = landmarkData.json; sourceTree = "<group>"; };
		2F21909828ACE724006EC677 /* Landmark.swift */ = {isa = PBXFileReference; lastKnownFileType = sourcecode.swift; path = Landmark.swift; sourceTree = "<group>"; };
		2F21909A28ACEC86006EC677 /* ModelData.swift */ = {isa = PBXFileReference; lastKnownFileType = sourcecode.swift; path = ModelData.swift; sourceTree = "<group>"; };
		2F21909F28B0BCC6006EC677 /* LandmarkRow.swift */ = {isa = PBXFileReference; lastKnownFileType = sourcecode.swift; path = LandmarkRow.swift; sourceTree = "<group>"; };
		2F2190A128B249E8006EC677 /* LandmarkList.swift */ = {isa = PBXFileReference; lastKnownFileType = sourcecode.swift; path = LandmarkList.swift; sourceTree = "<group>"; };
		2F2190A328B34620006EC677 /* LandmarkDetail.swift */ = {isa = PBXFileReference; lastKnownFileType = sourcecode.swift; path = LandmarkDetail.swift; sourceTree = "<group>"; };
		2F585DC228C7532D0020C242 /* BadgeBackground.swift */ = {isa = PBXFileReference; lastKnownFileType = sourcecode.swift; path = BadgeBackground.swift; sourceTree = "<group>"; };
		2FB337FA28B9F76B0017C0A3 /* FavoriteButton.swift */ = {isa = PBXFileReference; lastKnownFileType = sourcecode.swift; path = FavoriteButton.swift; sourceTree = "<group>"; };
		2FB337FE28BA10090017C0A3 /* HexagonParameters.swift */ = {isa = PBXFileReference; lastKnownFileType = sourcecode.swift; path = HexagonParameters.swift; sourceTree = "<group>"; };
/* End PBXFileReference section */

/* Begin PBXFrameworksBuildPhase section */
		2F21907E28ABA124006EC677 /* Frameworks */ = {
			isa = PBXFrameworksBuildPhase;
			buildActionMask = 2147483647;
			files = (
			);
			runOnlyForDeploymentPostprocessing = 0;
		};
/* End PBXFrameworksBuildPhase section */

/* Begin PBXGroup section */
		2F21907828ABA124006EC677 = {
			isa = PBXGroup;
			children = (
				2F21908328ABA124006EC677 /* Landmarks */,
				2F21908228ABA124006EC677 /* Products */,
			);
			sourceTree = "<group>";
		};
		2F21908228ABA124006EC677 /* Products */ = {
			isa = PBXGroup;
			children = (
				2F21908128ABA124006EC677 /* Landmarks.app */,
			);
			name = Products;
			sourceTree = "<group>";
		};
		2F21908328ABA124006EC677 /* Landmarks */ = {
			isa = PBXGroup;
			children = (
				2FB337FD28BA067B0017C0A3 /* Landmarks */,
				2FB337FC28BA06580017C0A3 /* Helpers */,
				2F21909E28B0BC4F006EC677 /* Model */,
				2F21909D28B0BC3C006EC677 /* Resources */,
				2F21909C28B0BC17006EC677 /* Views */,
				2F21908428ABA124006EC677 /* LandmarksApp.swift */,
				2F21908828ABA129006EC677 /* Assets.xcassets */,
				2F21908A28ABA129006EC677 /* Preview Content */,
			);
			path = Landmarks;
			sourceTree = "<group>";
		};
		2F21908A28ABA129006EC677 /* Preview Content */ = {
			isa = PBXGroup;
			children = (
				2F21908B28ABA129006EC677 /* Preview Assets.xcassets */,
			);
			path = "Preview Content";
			sourceTree = "<group>";
		};
		2F21909C28B0BC17006EC677 /* Views */ = {
			isa = PBXGroup;
			children = (
				2F21908628ABA124006EC677 /* ContentView.swift */,
				2FB337FE28BA10090017C0A3 /* HexagonParameters.swift */,
				2F585DC228C7532D0020C242 /* BadgeBackground.swift */,
			);
			path = Views;
			sourceTree = "<group>";
		};
		2F21909D28B0BC3C006EC677 /* Resources */ = {
			isa = PBXGroup;
			children = (
				2F21909628ACE4DB006EC677 /* landmarkData.json */,
			);
			path = Resources;
			sourceTree = "<group>";
		};
		2F21909E28B0BC4F006EC677 /* Model */ = {
			isa = PBXGroup;
			children = (
				2F21909A28ACEC86006EC677 /* ModelData.swift */,
				2F21909828ACE724006EC677 /* Landmark.swift */,
			);
			path = Model;
			sourceTree = "<group>";
		};
		2FB337FC28BA06580017C0A3 /* Helpers */ = {
			isa = PBXGroup;
			children = (
				2F21909228ABB4C6006EC677 /* CircleImage.swift */,
				2F21909428ABBA63006EC677 /* MapView.swift */,
				2FB337FA28B9F76B0017C0A3 /* FavoriteButton.swift */,
			);
			path = Helpers;
			sourceTree = "<group>";
		};
		2FB337FD28BA067B0017C0A3 /* Landmarks */ = {
			isa = PBXGroup;
			children = (
				2F2190A128B249E8006EC677 /* LandmarkList.swift */,
				2F21909F28B0BCC6006EC677 /* LandmarkRow.swift */,
				2F2190A328B34620006EC677 /* LandmarkDetail.swift */,
			);
			path = Landmarks;
			sourceTree = "<group>";
		};
/* End PBXGroup section */

/* Begin PBXNativeTarget section */
		2F21908028ABA124006EC677 /* Landmarks */ = {
			isa = PBXNativeTarget;
			buildConfigurationList = 2F21908F28ABA129006EC677 /* Build configuration list for PBXNativeTarget "Landmarks" */;
			buildPhases = (
				2F21907D28ABA124006EC677 /* Sources */,
				2F21907E28ABA124006EC677 /* Frameworks */,
				2F21907F28ABA124006EC677 /* Resources */,
			);
			buildRules = (
			);
			dependencies = (
			);
			name = Landmarks;
			productName = Landmarks;
			productReference = 2F21908128ABA124006EC677 /* Landmarks.app */;
			productType = "com.apple.product-type.application";
		};
/* End PBXNativeTarget section */

/* Begin PBXProject section */
		2F21907928ABA124006EC677 /* Project object */ = {
			isa = PBXProject;
			attributes = {
				BuildIndependentTargetsInParallel = 1;
				LastSwiftUpdateCheck = 1330;
				LastUpgradeCheck = 1330;
				TargetAttributes = {
					2F21908028ABA124006EC677 = {
						CreatedOnToolsVersion = 13.3;
					};
				};
			};
			buildConfigurationList = 2F21907C28ABA124006EC677 /* Build configuration list for PBXProject "Landmarks" */;
			compatibilityVersion = "Xcode 13.0";
			developmentRegion = en;
			hasScannedForEncodings = 0;
			knownRegions = (
				en,
				Base,
			);
			mainGroup = 2F21907828ABA124006EC677;
			productRefGroup = 2F21908228ABA124006EC677 /* Products */;
			projectDirPath = "";
			projectRoot = "";
			targets = (
				2F21908028ABA124006EC677 /* Landmarks */,
			);
		};
/* End PBXProject section */

/* Begin PBXResourcesBuildPhase section */
		2F21907F28ABA124006EC677 /* Resources */ = {
			isa = PBXResourcesBuildPhase;
			buildActionMask = 2147483647;
			files = (
				2F21908C28ABA129006EC677 /* Preview Assets.xcassets in Resources */,
				2F21908928ABA129006EC677 /* Assets.xcassets in Resources */,
				2F21909728ACE4DB006EC677 /* landmarkData.json in Resources */,
			);
			runOnlyForDeploymentPostprocessing = 0;
		};
/* End PBXResourcesBuildPhase section */

/* Begin PBXSourcesBuildPhase section */
		2F21907D28ABA124006EC677 /* Sources */ = {
			isa = PBXSourcesBuildPhase;
			buildActionMask = 2147483647;
			files = (
				2F21908728ABA124006EC677 /* ContentView.swift in Sources */,
				2F21909528ABBA63006EC677 /* MapView.swift in Sources */,
				2F21908528ABA124006EC677 /* LandmarksApp.swift in Sources */,
				2FB337FB28B9F76B0017C0A3 /* FavoriteButton.swift in Sources */,
				2FB337FF28BA10090017C0A3 /* HexagonParameters.swift in Sources */,
				2F2190A228B249E8006EC677 /* LandmarkList.swift in Sources */,
				2F2190A428B34620006EC677 /* LandmarkDetail.swift in Sources */,
				2F585DC328C7532D0020C242 /* BadgeBackground.swift in Sources */,
				2F21909328ABB4C7006EC677 /* CircleImage.swift in Sources */,
				2F21909928ACE724006EC677 /* Landmark.swift in Sources */,
				2F2190A028B0BCC6006EC677 /* LandmarkRow.swift in Sources */,
				2F21909B28ACEC86006EC677 /* ModelData.swift in Sources */,
			);
			runOnlyForDeploymentPostprocessing = 0;
		};
/* End PBXSourcesBuildPhase section */

/* Begin XCBuildConfiguration section */
		2F21908D28ABA129006EC677 /* Debug */ = {
			isa = XCBuildConfiguration;
			buildSettings = {
				ALWAYS_SEARCH_USER_PATHS = NO;
				CLANG_ANALYZER_NONNULL = YES;
				CLANG_ANALYZER_NUMBER_OBJECT_CONVERSION = YES_AGGRESSIVE;
				CLANG_CXX_LANGUAGE_STANDARD = "gnu++17";
				CLANG_ENABLE_MODULES = YES;
				CLANG_ENABLE_OBJC_ARC = YES;
				CLANG_ENABLE_OBJC_WEAK = YES;
				CLANG_WARN_BLOCK_CAPTURE_AUTORELEASING = YES;
				CLANG_WARN_BOOL_CONVERSION = YES;
				CLANG_WARN_COMMA = YES;
				CLANG_WARN_CONSTANT_CONVERSION = YES;
				CLANG_WARN_DEPRECATED_OBJC_IMPLEMENTATIONS = YES;
				CLANG_WARN_DIRECT_OBJC_ISA_USAGE = YES_ERROR;
				CLANG_WARN_DOCUMENTATION_COMMENTS = YES;
				CLANG_WARN_EMPTY_BODY = YES;
				CLANG_WARN_ENUM_CONVERSION = YES;
				CLANG_WARN_INFINITE_RECURSION = YES;
				CLANG_WARN_INT_CONVERSION = YES;
				CLANG_WARN_NON_LITERAL_NULL_CONVERSION = YES;
				CLANG_WARN_OBJC_IMPLICIT_RETAIN_SELF = YES;
				CLANG_WARN_OBJC_LITERAL_CONVERSION = YES;
				CLANG_WARN_OBJC_ROOT_CLASS = YES_ERROR;
				CLANG_WARN_QUOTED_INCLUDE_IN_FRAMEWORK_HEADER = YES;
				CLANG_WARN_RANGE_LOOP_ANALYSIS = YES;
				CLANG_WARN_STRICT_PROTOTYPES = YES;
				CLANG_WARN_SUSPICIOUS_MOVE = YES;
				CLANG_WARN_UNGUARDED_AVAILABILITY = YES_AGGRESSIVE;
				CLANG_WARN_UNREACHABLE_CODE = YES;
				CLANG_WARN__DUPLICATE_METHOD_MATCH = YES;
				COPY_PHASE_STRIP = NO;
				DEBUG_INFORMATION_FORMAT = dwarf;
				ENABLE_STRICT_OBJC_MSGSEND = YES;
				ENABLE_TESTABILITY = YES;
				GCC_C_LANGUAGE_STANDARD = gnu11;
				GCC_DYNAMIC_NO_PIC = NO;
				GCC_NO_COMMON_BLOCKS = YES;
				GCC_OPTIMIZATION_LEVEL = 0;
				GCC_PREPROCESSOR_DEFINITIONS = (
					"DEBUG=1",
					"$(inherited)",
				);
				GCC_WARN_64_TO_32_BIT_CONVERSION = YES;
				GCC_WARN_ABOUT_RETURN_TYPE = YES_ERROR;
				GCC_WARN_UNDECLARED_SELECTOR = YES;
				GCC_WARN_UNINITIALIZED_AUTOS = YES_AGGRESSIVE;
				GCC_WARN_UNUSED_FUNCTION = YES;
				GCC_WARN_UNUSED_VARIABLE = YES;
				IPHONEOS_DEPLOYMENT_TARGET = 15.4;
				MTL_ENABLE_DEBUG_INFO = INCLUDE_SOURCE;
				MTL_FAST_MATH = YES;
				ONLY_ACTIVE_ARCH = YES;
				SDKROOT = iphoneos;
				SWIFT_ACTIVE_COMPILATION_CONDITIONS = DEBUG;
				SWIFT_OPTIMIZATION_LEVEL = "-Onone";
			};
			name = Debug;
		};
		2F21908E28ABA129006EC677 /* Release */ = {
			isa = XCBuildConfiguration;
			buildSettings = {
				ALWAYS_SEARCH_USER_PATHS = NO;
				CLANG_ANALYZER_NONNULL = YES;
				CLANG_ANALYZER_NUMBER_OBJECT_CONVERSION = YES_AGGRESSIVE;
				CLANG_CXX_LANGUAGE_STANDARD = "gnu++17";
				CLANG_ENABLE_MODULES = YES;
				CLANG_ENABLE_OBJC_ARC = YES;
				CLANG_ENABLE_OBJC_WEAK = YES;
				CLANG_WARN_BLOCK_CAPTURE_AUTORELEASING = YES;
				CLANG_WARN_BOOL_CONVERSION = YES;
				CLANG_WARN_COMMA = YES;
				CLANG_WARN_CONSTANT_CONVERSION = YES;
				CLANG_WARN_DEPRECATED_OBJC_IMPLEMENTATIONS = YES;
				CLANG_WARN_DIRECT_OBJC_ISA_USAGE = YES_ERROR;
				CLANG_WARN_DOCUMENTATION_COMMENTS = YES;
				CLANG_WARN_EMPTY_BODY = YES;
				CLANG_WARN_ENUM_CONVERSION = YES;
				CLANG_WARN_INFINITE_RECURSION = YES;
				CLANG_WARN_INT_CONVERSION = YES;
				CLANG_WARN_NON_LITERAL_NULL_CONVERSION = YES;
				CLANG_WARN_OBJC_IMPLICIT_RETAIN_SELF = YES;
				CLANG_WARN_OBJC_LITERAL_CONVERSION = YES;
				CLANG_WARN_OBJC_ROOT_CLASS = YES_ERROR;
				CLANG_WARN_QUOTED_INCLUDE_IN_FRAMEWORK_HEADER = YES;
				CLANG_WARN_RANGE_LOOP_ANALYSIS = YES;
				CLANG_WARN_STRICT_PROTOTYPES = YES;
				CLANG_WARN_SUSPICIOUS_MOVE = YES;
				CLANG_WARN_UNGUARDED_AVAILABILITY = YES_AGGRESSIVE;
				CLANG_WARN_UNREACHABLE_CODE = YES;
				CLANG_WARN__DUPLICATE_METHOD_MATCH = YES;
				COPY_PHASE_STRIP = NO;
				DEBUG_INFORMATION_FORMAT = "dwarf-with-dsym";
				ENABLE_NS_ASSERTIONS = NO;
				ENABLE_STRICT_OBJC_MSGSEND = YES;
				GCC_C_LANGUAGE_STANDARD = gnu11;
				GCC_NO_COMMON_BLOCKS = YES;
				GCC_WARN_64_TO_32_BIT_CONVERSION = YES;
				GCC_WARN_ABOUT_RETURN_TYPE = YES_ERROR;
				GCC_WARN_UNDECLARED_SELECTOR = YES;
				GCC_WARN_UNINITIALIZED_AUTOS = YES_AGGRESSIVE;
				GCC_WARN_UNUSED_FUNCTION = YES;
				GCC_WARN_UNUSED_VARIABLE = YES;
				IPHONEOS_DEPLOYMENT_TARGET = 15.4;
				MTL_ENABLE_DEBUG_INFO = NO;
				MTL_FAST_MATH = YES;
				SDKROOT = iphoneos;
				SWIFT_COMPILATION_MODE = wholemodule;
				SWIFT_OPTIMIZATION_LEVEL = "-O";
				VALIDATE_PRODUCT = YES;
			};
			name = Release;
		};
		2F21909028ABA129006EC677 /* Debug */ = {
			isa = XCBuildConfiguration;
			buildSettings = {
				ASSETCATALOG_COMPILER_APPICON_NAME = AppIcon;
				ASSETCATALOG_COMPILER_GLOBAL_ACCENT_COLOR_NAME = AccentColor;
				CODE_SIGN_STYLE = Automatic;
				CURRENT_PROJECT_VERSION = 1;
				DEVELOPMENT_ASSET_PATHS = "\"Landmarks/Preview Content\"";
				ENABLE_PREVIEWS = YES;
				GENERATE_INFOPLIST_FILE = YES;
				INFOPLIST_KEY_UIApplicationSceneManifest_Generation = YES;
				INFOPLIST_KEY_UIApplicationSupportsIndirectInputEvents = YES;
				INFOPLIST_KEY_UILaunchScreen_Generation = YES;
				INFOPLIST_KEY_UISupportedInterfaceOrientations_iPad = "UIInterfaceOrientationPortrait UIInterfaceOrientationPortraitUpsideDown UIInterfaceOrientationLandscapeLeft UIInterfaceOrientationLandscapeRight";
				INFOPLIST_KEY_UISupportedInterfaceOrientations_iPhone = "UIInterfaceOrientationPortrait UIInterfaceOrientationLandscapeLeft UIInterfaceOrientationLandscapeRight";
				LD_RUNPATH_SEARCH_PATHS = (
					"$(inherited)",
					"@executable_path/Frameworks",
				);
				MARKETING_VERSION = 1.0;
				PRODUCT_BUNDLE_IDENTIFIER = com.example.pcy.Landmarks;
				PRODUCT_NAME = "$(TARGET_NAME)";
				SWIFT_EMIT_LOC_STRINGS = YES;
				SWIFT_VERSION = 5.0;
				TARGETED_DEVICE_FAMILY = "1,2";
			};
			name = Debug;
		};
		2F21909128ABA129006EC677 /* Release */ = {
			isa = XCBuildConfiguration;
			buildSettings = {
				ASSETCATALOG_COMPILER_APPICON_NAME = AppIcon;
				ASSETCATALOG_COMPILER_GLOBAL_ACCENT_COLOR_NAME = AccentColor;
				CODE_SIGN_STYLE = Automatic;
				CURRENT_PROJECT_VERSION = 1;
				DEVELOPMENT_ASSET_PATHS = "\"Landmarks/Preview Content\"";
				ENABLE_PREVIEWS = YES;
				GENERATE_INFOPLIST_FILE = YES;
				INFOPLIST_KEY_UIApplicationSceneManifest_Generation = YES;
				INFOPLIST_KEY_UIApplicationSupportsIndirectInputEvents = YES;
				INFOPLIST_KEY_UILaunchScreen_Generation = YES;
				INFOPLIST_KEY_UISupportedInterfaceOrientations_iPad = "UIInterfaceOrientationPortrait UIInterfaceOrientationPortraitUpsideDown UIInterfaceOrientationLandscapeLeft UIInterfaceOrientationLandscapeRight";
				INFOPLIST_KEY_UISupportedInterfaceOrientations_iPhone = "UIInterfaceOrientationPortrait UIInterfaceOrientationLandscapeLeft UIInterfaceOrientationLandscapeRight";
				LD_RUNPATH_SEARCH_PATHS = (
					"$(inherited)",
					"@executable_path/Frameworks",
				);
				MARKETING_VERSION = 1.0;
				PRODUCT_BUNDLE_IDENTIFIER = com.example.pcy.Landmarks;
				PRODUCT_NAME = "$(TARGET_NAME)";
				SWIFT_EMIT_LOC_STRINGS = YES;
				SWIFT_VERSION = 5.0;
				TARGETED_DEVICE_FAMILY = "1,2";
			};
			name = Release;
		};
/* End XCBuildConfiguration section */

/* Begin XCConfigurationList section */
		2F21907C28ABA124006EC677 /* Build configuration list for PBXProject "Landmarks" */ = {
			isa = XCConfigurationList;
			buildConfigurations = (
				2F21908D28ABA129006EC677 /* Debug */,
				2F21908E28ABA129006EC677 /* Release */,
			);
			defaultConfigurationIsVisible = 0;
			defaultConfigurationName = Release;
		};
		2F21908F28ABA129006EC677 /* Build configuration list for PBXNativeTarget "Landmarks" */ = {
			isa = XCConfigurationList;
			buildConfigurations = (
				2F21909028ABA129006EC677 /* Debug */,
				2F21909128ABA129006EC677 /* Release */,
			);
			defaultConfigurationIsVisible = 0;
			defaultConfigurationName = Release;
		};
/* End XCConfigurationList section */
	};
	rootObject = 2F21907928ABA124006EC677 /* Project object */;
}
